
Microsoft Visual Studio Solution File, Format Version 12.00
# Visual Studio Version 16
VisualStudioVersion = 16.0.29201.188
MinimumVisualStudioVersion = 10.0.40219.1
Project("{FAE04EC0-301F-11D3-BF4B-00C04F79EFBC}") = "GvGRank-Server", "GvGRank-Server.csproj", "{0D32EED4-4511-407B-B56A-AA174A5CC252}"
EndProject
Global
	GlobalSection(SolutionConfigurationPlatforms) = preSolution
		Debug|Any CPU = Debug|Any CPU
		Release|Any CPU = Release|Any CPU
	EndGlobalSection
	GlobalSection(ProjectConfigurationPlatforms) = postSolution
		{0D32EED4-4511-407B-B56A-AA174A5CC252}.Debug|Any CPU.ActiveCfg = Debug|Any CPU
		{0D32EED4-4511-407B-B56A-AA174A5CC252}.Debug|Any CPU.Build.0 = Debug|Any CPU
		{0D32EED4-4511-407B-B56A-AA174A5CC252}.Release|Any CPU.ActiveCfg = Release|Any CPU
		{0D32EED4-4511-407B-B56A-AA174A5CC252}.Release|Any CPU.Build.0 = Release|Any CPU
	EndGlobalSection
	GlobalSection(SolutionProperties) = preSolution
		HideSolutionNode = FALSE
	EndGlobalSection
	GlobalSection(ExtensibilityGlobals) = postSolution
		SolutionGuid = {2886FEF3-9E5F-4747-9143-6A703F3838F7}
	EndGlobalSection
EndGlobal
